
Microsoft Visual Studio Solution File, Format Version 12.00
# Visual Studio 15
Project("{FAE04EC0-301F-11D3-BF4B-00C04F79EFBC}") = "UnityEngine.UI", "UnityEngine.UI.csproj", "{0A7FEFC4-B40F-793C-017F-B4C9FF8944AF}"
EndProject
Project("{FAE04EC0-301F-11D3-BF4B-00C04F79EFBC}") = "UnityEngine.TestRunner", "UnityEngine.TestRunner.csproj", "{026402E3-C548-8AF9-FB93-E7FDD59AF287}"
EndProject
Project("{FAE04EC0-301F-11D3-BF4B-00C04F79EFBC}") = "Unity.Mathematics", "Unity.Mathematics.csproj", "{57CBB2A2-A7E7-A100-A97E-BFCFF68B2428}"
EndProject
Project("{FAE04EC0-301F-11D3-BF4B-00C04F79EFBC}") = "Unity.2D.Animation.Triangle.Runtime", "Unity.2D.Animation.Triangle.Runtime.csproj", "{5529C4B6-FDB5-A590-E761-A7F056F38486}"
EndProject
Project("{FAE04EC0-301F-11D3-BF4B-00C04F79EFBC}") = "Unity.Timeline", "Unity.Timeline.csproj", "{3C27C945-B522-C7DD-B8FA-053F9F1375F6}"
EndProject
Project("{FAE04EC0-301F-11D3-BF4B-00C04F79EFBC}") = "Unity.TextMeshPro", "Unity.TextMeshPro.csproj", "{8D99DCA7-6897-F9CA-2FCC-BF7F32B0200B}"
EndProject
Project("{FAE04EC0-301F-11D3-BF4B-00C04F79EFBC}") = "Unity.2D.Animation.Runtime", "Unity.2D.Animation.Runtime.csproj", "{7F9E9400-33AB-C517-D747-A880C5325D52}"
EndProject
Project("{FAE04EC0-301F-11D3-BF4B-00C04F79EFBC}") = "Assembly-CSharp", "Assembly-CSharp.csproj", "{F9FC5E1A-CD6F-81E0-DE34-ED9DFCCBEF51}"
EndProject
Project("{FAE04EC0-301F-11D3-BF4B-00C04F79EFBC}") = "Assembly-CSharp-firstpass", "Assembly-CSharp-firstpass.csproj", "{EB040D23-85FD-5D8F-83B3-E9A6739025C0}"
EndProject
Project("{FAE04EC0-301F-11D3-BF4B-00C04F79EFBC}") = "Unity.2D.IK.Runtime", "Unity.2D.IK.Runtime.csproj", "{00DA180D-CD84-2B66-08EA-745059CB1BE7}"
EndProject
Project("{FAE04EC0-301F-11D3-BF4B-00C04F79EFBC}") = "Unity.2D.SpriteShape.Runtime", "Unity.2D.SpriteShape.Runtime.csproj", "{F1C96D9D-9B4D-80DA-90A0-260B63DED517}"
EndProject
Project("{FAE04EC0-301F-11D3-BF4B-00C04F79EFBC}") = "Unity.2D.PixelPerfect", "Unity.2D.PixelPerfect.csproj", "{5A834F6D-0171-AC66-B366-943B903CD460}"
EndProject
Project("{FAE04EC0-301F-11D3-BF4B-00C04F79EFBC}") = "Unity.2D.Common.Runtime", "Unity.2D.Common.Runtime.csproj", "{B43D6A8E-A3E9-9E0A-0D6B-F159F1184151}"
EndProject
Project("{FAE04EC0-301F-11D3-BF4B-00C04F79EFBC}") = "Unity.InternalAPIEngineBridge.001", "Unity.InternalAPIEngineBridge.001.csproj", "{062995A0-9000-AAAB-45A5-1E0E53CB12F1}"
EndProject
Project("{FAE04EC0-301F-11D3-BF4B-00C04F79EFBC}") = "UnityEditor.TestRunner", "UnityEditor.TestRunner.csproj", "{8F69EF7D-0E6D-F220-8C2D-9758C579FCF5}"
EndProject
Project("{FAE04EC0-301F-11D3-BF4B-00C04F79EFBC}") = "Unity.PlasticSCM.Editor", "Unity.PlasticSCM.Editor.csproj", "{95861A46-C50B-7D96-284B-A48FA5E91493}"
EndProject
Project("{FAE04EC0-301F-11D3-BF4B-00C04F79EFBC}") = "UnityEditor.UI", "UnityEditor.UI.csproj", "{A5C9A001-32D9-958D-64D3-79F9393F8E7B}"
EndProject
Project("{FAE04EC0-301F-11D3-BF4B-00C04F79EFBC}") = "Unity.Services.Core.Editor", "Unity.Services.Core.Editor.csproj", "{31B67626-936E-B561-FA70-BDB691AA0631}"
EndProject
Project("{FAE04EC0-301F-11D3-BF4B-00C04F79EFBC}") = "Unity.Timeline.Editor", "Unity.Timeline.Editor.csproj", "{B317F4F1-CBD2-2E59-180A-89A91220C1DD}"
EndProject
Project("{FAE04EC0-301F-11D3-BF4B-00C04F79EFBC}") = "Unity.VisualStudio.Editor", "Unity.VisualStudio.Editor.csproj", "{174D1660-4121-331F-630B-1D1DB0AF04B8}"
EndProject
Project("{FAE04EC0-301F-11D3-BF4B-00C04F79EFBC}") = "Unity.2D.Psdimporter.Editor", "Unity.2D.Psdimporter.Editor.csproj", "{0293E892-606C-5D4D-907B-63C6F2DB9FFB}"
EndProject
Project("{FAE04EC0-301F-11D3-BF4B-00C04F79EFBC}") = "Unity.2D.Animation.Editor", "Unity.2D.Animation.Editor.csproj", "{24941B97-87EC-6187-F20D-D768EB266B58}"
EndProject
Project("{FAE04EC0-301F-11D3-BF4B-00C04F79EFBC}") = "Unity.TextMeshPro.Editor", "Unity.TextMeshPro.Editor.csproj", "{CB2F352A-F85B-A18B-25EE-17051D4A76F5}"
EndProject
Project("{FAE04EC0-301F-11D3-BF4B-00C04F79EFBC}") = "Unity.2D.SpriteShape.Editor", "Unity.2D.SpriteShape.Editor.csproj", "{9E13EEDE-A5CF-2B3F-F626-DE729810DCDC}"
EndProject
Project("{FAE04EC0-301F-11D3-BF4B-00C04F79EFBC}") = "Unity.CollabProxy.Editor", "Unity.CollabProxy.Editor.csproj", "{4EAD6F12-E399-C554-4B3C-85E5942B9214}"
EndProject
Project("{FAE04EC0-301F-11D3-BF4B-00C04F79EFBC}") = "PsdPlugin", "PsdPlugin.csproj", "{51E8F4D9-CE00-C5E6-5810-6C14D47D0952}"
EndProject
Project("{FAE04EC0-301F-11D3-BF4B-00C04F79EFBC}") = "Unity.2D.Path.Editor", "Unity.2D.Path.Editor.csproj", "{E21B1D28-D662-41BD-E929-E6B767CE8D3C}"
EndProject
Project("{FAE04EC0-301F-11D3-BF4B-00C04F79EFBC}") = "Unity.Rider.Editor", "Unity.Rider.Editor.csproj", "{7BE630D3-041E-2D53-3C14-DB9330384130}"
EndProject
Project("{FAE04EC0-301F-11D3-BF4B-00C04F79EFBC}") = "Unity.2D.IK.Editor", "Unity.2D.IK.Editor.csproj", "{3EE491C8-E33B-1BDD-7B57-B0DA3AC3B3B2}"
EndProject
Project("{FAE04EC0-301F-11D3-BF4B-00C04F79EFBC}") = "Unity.2D.Sprite.Editor", "Unity.2D.Sprite.Editor.csproj", "{0FE65819-E6C1-1BC1-D799-AA58524A465D}"
EndProject
Project("{FAE04EC0-301F-11D3-BF4B-00C04F79EFBC}") = "Unity.2D.Tilemap.Editor", "Unity.2D.Tilemap.Editor.csproj", "{A13A0C3D-BEAF-3624-2B06-B6D0C624C70F}"
EndProject
Project("{FAE04EC0-301F-11D3-BF4B-00C04F79EFBC}") = "Unity.2D.PixelPerfect.Editor", "Unity.2D.PixelPerfect.Editor.csproj", "{69D4084D-A46A-FB47-2D08-5D4103C6ABDC}"
EndProject
Project("{FAE04EC0-301F-11D3-BF4B-00C04F79EFBC}") = "Unity.VSCode.Editor", "Unity.VSCode.Editor.csproj", "{36582DEC-891D-9829-5C72-90E1544DFC9F}"
EndProject
Project("{FAE04EC0-301F-11D3-BF4B-00C04F79EFBC}") = "Unity.2D.Common.Editor", "Unity.2D.Common.Editor.csproj", "{E68EC850-4D52-9F03-61FE-AC2C9F93064F}"
EndProject
Project("{FAE04EC0-301F-11D3-BF4B-00C04F79EFBC}") = "Unity.Mathematics.Editor", "Unity.Mathematics.Editor.csproj", "{E2DA8BD4-BD65-B0E4-6B38-2325B8D0344E}"
EndProject
Project("{FAE04EC0-301F-11D3-BF4B-00C04F79EFBC}") = "Assembly-CSharp-Editor-firstpass", "Assembly-CSharp-Editor-firstpass.csproj", "{144E081F-0572-4790-E18B-2163B2C9276D}"
EndProject
Project("{FAE04EC0-301F-11D3-BF4B-00C04F79EFBC}") = "Unity.InternalAPIEditorBridge.001", "Unity.InternalAPIEditorBridge.001.csproj", "{62A3A0FE-94F5-6ED1-93C3-CFB47EB5A3A0}"
EndProject
Project("{FAE04EC0-301F-11D3-BF4B-00C04F79EFBC}") = "UnityEngine.UI", "UnityEngine.UI.Player.csproj", "{C9684961-EB7A-EB93-A68C-ECEFADFD1F5C}"
EndProject
Project("{FAE04EC0-301F-11D3-BF4B-00C04F79EFBC}") = "UnityEngine.TestRunner", "UnityEngine.TestRunner.Player.csproj", "{C1A94F09-18F9-7765-91EC-25550FC5D2E5}"
EndProject
Project("{FAE04EC0-301F-11D3-BF4B-00C04F79EFBC}") = "Unity.Mathematics", "Unity.Mathematics.Player.csproj", "{33B898A6-E6C5-5F0E-1481-7A4B31675B22}"
EndProject
Project("{FAE04EC0-301F-11D3-BF4B-00C04F79EFBC}") = "Unity.2D.Animation.Triangle.Runtime", "Unity.2D.Animation.Triangle.Runtime.Player.csproj", "{73432D2D-7835-6AFC-3147-0C9D12106C3B}"
EndProject
Project("{FAE04EC0-301F-11D3-BF4B-00C04F79EFBC}") = "Unity.Timeline", "Unity.Timeline.Player.csproj", "{A0FB1E14-49A9-F576-2024-56E36B023F9E}"
EndProject
Project("{FAE04EC0-301F-11D3-BF4B-00C04F79EFBC}") = "Unity.TextMeshPro", "Unity.TextMeshPro.Player.csproj", "{06AEA436-8D7F-BE73-9F30-4A9AD7412721}"
EndProject
Project("{FAE04EC0-301F-11D3-BF4B-00C04F79EFBC}") = "Unity.2D.Animation.Runtime", "Unity.2D.Animation.Runtime.Player.csproj", "{6832F5E6-CC5B-337E-C9F2-BD0000A6E8ED}"
EndProject
Project("{FAE04EC0-301F-11D3-BF4B-00C04F79EFBC}") = "Assembly-CSharp", "Assembly-CSharp.Player.csproj", "{659312F6-2D12-12FD-E9A1-A7233C3E16A0}"
EndProject
Project("{FAE04EC0-301F-11D3-BF4B-00C04F79EFBC}") = "Assembly-CSharp-firstpass", "Assembly-CSharp-firstpass.Player.csproj", "{7AF10916-39F4-9914-7A6E-A6EDF0D3EFBB}"
EndProject
Project("{FAE04EC0-301F-11D3-BF4B-00C04F79EFBC}") = "Unity.2D.IK.Runtime", "Unity.2D.IK.Runtime.Player.csproj", "{CCD03AE1-8D20-88B7-4F3F-8CAD900B0E5E}"
EndProject
Project("{FAE04EC0-301F-11D3-BF4B-00C04F79EFBC}") = "Unity.2D.SpriteShape.Runtime", "Unity.2D.SpriteShape.Runtime.Player.csproj", "{1D862EF7-8F8B-AEDA-9796-9DD9734B8AD0}"
EndProject
Project("{FAE04EC0-301F-11D3-BF4B-00C04F79EFBC}") = "Unity.2D.PixelPerfect", "Unity.2D.PixelPerfect.Player.csproj", "{7D351B94-0128-3970-45C2-B6B15D2051A7}"
EndProject
Project("{FAE04EC0-301F-11D3-BF4B-00C04F79EFBC}") = "Unity.2D.Common.Runtime", "Unity.2D.Common.Runtime.Player.csproj", "{8BD35126-B1FC-C837-5FF8-87B6A5A79CC6}"
EndProject
Project("{FAE04EC0-301F-11D3-BF4B-00C04F79EFBC}") = "Unity.InternalAPIEngineBridge.001", "Unity.InternalAPIEngineBridge.001.Player.csproj", "{DEA0AC4A-C528-A9D1-0D77-CA165C2EDA93}"
EndProject
Global
	GlobalSection(SolutionConfigurationPlatforms) = preSolution
		Debug|Any CPU = Debug|Any CPU
		Release|Any CPU = Release|Any CPU
	EndGlobalSection
	GlobalSection(ProjectConfigurationPlatforms) = postSolution
		{0A7FEFC4-B40F-793C-017F-B4C9FF8944AF}.Debug|Any CPU.ActiveCfg = Debug|Any CPU
		{0A7FEFC4-B40F-793C-017F-B4C9FF8944AF}.Debug|Any CPU.Build.0 = Debug|Any CPU
		{0A7FEFC4-B40F-793C-017F-B4C9FF8944AF}.Release|Any CPU.ActiveCfg = Release|Any CPU
		{0A7FEFC4-B40F-793C-017F-B4C9FF8944AF}.Release|Any CPU.Build.0 = Release|Any CPU
		{026402E3-C548-8AF9-FB93-E7FDD59AF287}.Debug|Any CPU.ActiveCfg = Debug|Any CPU
		{026402E3-C548-8AF9-FB93-E7FDD59AF287}.Debug|Any CPU.Build.0 = Debug|Any CPU
		{026402E3-C548-8AF9-FB93-E7FDD59AF287}.Release|Any CPU.ActiveCfg = Release|Any CPU
		{026402E3-C548-8AF9-FB93-E7FDD59AF287}.Release|Any CPU.Build.0 = Release|Any CPU
		{57CBB2A2-A7E7-A100-A97E-BFCFF68B2428}.Debug|Any CPU.ActiveCfg = Debug|Any CPU
		{57CBB2A2-A7E7-A100-A97E-BFCFF68B2428}.Debug|Any CPU.Build.0 = Debug|Any CPU
		{57CBB2A2-A7E7-A100-A97E-BFCFF68B2428}.Release|Any CPU.ActiveCfg = Release|Any CPU
		{57CBB2A2-A7E7-A100-A97E-BFCFF68B2428}.Release|Any CPU.Build.0 = Release|Any CPU
		{5529C4B6-FDB5-A590-E761-A7F056F38486}.Debug|Any CPU.ActiveCfg = Debug|Any CPU
		{5529C4B6-FDB5-A590-E761-A7F056F38486}.Debug|Any CPU.Build.0 = Debug|Any CPU
		{5529C4B6-FDB5-A590-E761-A7F056F38486}.Release|Any CPU.ActiveCfg = Release|Any CPU
		{5529C4B6-FDB5-A590-E761-A7F056F38486}.Release|Any CPU.Build.0 = Release|Any CPU
		{3C27C945-B522-C7DD-B8FA-053F9F1375F6}.Debug|Any CPU.ActiveCfg = Debug|Any CPU
		{3C27C945-B522-C7DD-B8FA-053F9F1375F6}.Debug|Any CPU.Build.0 = Debug|Any CPU
		{3C27C945-B522-C7DD-B8FA-053F9F1375F6}.Release|Any CPU.ActiveCfg = Release|Any CPU
		{3C27C945-B522-C7DD-B8FA-053F9F1375F6}.Release|Any CPU.Build.0 = Release|Any CPU
		{8D99DCA7-6897-F9CA-2FCC-BF7F32B0200B}.Debug|Any CPU.ActiveCfg = Debug|Any CPU
		{8D99DCA7-6897-F9CA-2FCC-BF7F32B0200B}.Debug|Any CPU.Build.0 = Debug|Any CPU
		{8D99DCA7-6897-F9CA-2FCC-BF7F32B0200B}.Release|Any CPU.ActiveCfg = Release|Any CPU
		{8D99DCA7-6897-F9CA-2FCC-BF7F32B0200B}.Release|Any CPU.Build.0 = Release|Any CPU
		{7F9E9400-33AB-C517-D747-A880C5325D52}.Debug|Any CPU.ActiveCfg = Debug|Any CPU
		{7F9E9400-33AB-C517-D747-A880C5325D52}.Debug|Any CPU.Build.0 = Debug|Any CPU
		{7F9E9400-33AB-C517-D747-A880C5325D52}.Release|Any CPU.ActiveCfg = Release|Any CPU
		{7F9E9400-33AB-C517-D747-A880C5325D52}.Release|Any CPU.Build.0 = Release|Any CPU
		{F9FC5E1A-CD6F-81E0-DE34-ED9DFCCBEF51}.Debug|Any CPU.ActiveCfg = Debug|Any CPU
		{F9FC5E1A-CD6F-81E0-DE34-ED9DFCCBEF51}.Debug|Any CPU.Build.0 = Debug|Any CPU
		{F9FC5E1A-CD6F-81E0-DE34-ED9DFCCBEF51}.Release|Any CPU.ActiveCfg = Release|Any CPU
		{F9FC5E1A-CD6F-81E0-DE34-ED9DFCCBEF51}.Release|Any CPU.Build.0 = Release|Any CPU
		{EB040D23-85FD-5D8F-83B3-E9A6739025C0}.Debug|Any CPU.ActiveCfg = Debug|Any CPU
		{EB040D23-85FD-5D8F-83B3-E9A6739025C0}.Debug|Any CPU.Build.0 = Debug|Any CPU
		{EB040D23-85FD-5D8F-83B3-E9A6739025C0}.Release|Any CPU.ActiveCfg = Release|Any CPU
		{EB040D23-85FD-5D8F-83B3-E9A6739025C0}.Release|Any CPU.Build.0 = Release|Any CPU
		{00DA180D-CD84-2B66-08EA-745059CB1BE7}.Debug|Any CPU.ActiveCfg = Debug|Any CPU
		{00DA180D-CD84-2B66-08EA-745059CB1BE7}.Debug|Any CPU.Build.0 = Debug|Any CPU
		{00DA180D-CD84-2B66-08EA-745059CB1BE7}.Release|Any CPU.ActiveCfg = Release|Any CPU
		{00DA180D-CD84-2B66-08EA-745059CB1BE7}.Release|Any CPU.Build.0 = Release|Any CPU
		{F1C96D9D-9B4D-80DA-90A0-260B63DED517}.Debug|Any CPU.ActiveCfg = Debug|Any CPU
		{F1C96D9D-9B4D-80DA-90A0-260B63DED517}.Debug|Any CPU.Build.0 = Debug|Any CPU
		{F1C96D9D-9B4D-80DA-90A0-260B63DED517}.Release|Any CPU.ActiveCfg = Release|Any CPU
		{F1C96D9D-9B4D-80DA-90A0-260B63DED517}.Release|Any CPU.Build.0 = Release|Any CPU
		{5A834F6D-0171-AC66-B366-943B903CD460}.Debug|Any CPU.ActiveCfg = Debug|Any CPU
		{5A834F6D-0171-AC66-B366-943B903CD460}.Debug|Any CPU.Build.0 = Debug|Any CPU
		{5A834F6D-0171-AC66-B366-943B903CD460}.Release|Any CPU.ActiveCfg = Release|Any CPU
		{5A834F6D-0171-AC66-B366-943B903CD460}.Release|Any CPU.Build.0 = Release|Any CPU
		{B43D6A8E-A3E9-9E0A-0D6B-F159F1184151}.Debug|Any CPU.ActiveCfg = Debug|Any CPU
		{B43D6A8E-A3E9-9E0A-0D6B-F159F1184151}.Debug|Any CPU.Build.0 = Debug|Any CPU
		{B43D6A8E-A3E9-9E0A-0D6B-F159F1184151}.Release|Any CPU.ActiveCfg = Release|Any CPU
		{B43D6A8E-A3E9-9E0A-0D6B-F159F1184151}.Release|Any CPU.Build.0 = Release|Any CPU
		{062995A0-9000-AAAB-45A5-1E0E53CB12F1}.Debug|Any CPU.ActiveCfg = Debug|Any CPU
		{062995A0-9000-AAAB-45A5-1E0E53CB12F1}.Debug|Any CPU.Build.0 = Debug|Any CPU
		{062995A0-9000-AAAB-45A5-1E0E53CB12F1}.Release|Any CPU.ActiveCfg = Release|Any CPU
		{062995A0-9000-AAAB-45A5-1E0E53CB12F1}.Release|Any CPU.Build.0 = Release|Any CPU
		{8F69EF7D-0E6D-F220-8C2D-9758C579FCF5}.Debug|Any CPU.ActiveCfg = Debug|Any CPU
		{8F69EF7D-0E6D-F220-8C2D-9758C579FCF5}.Debug|Any CPU.Build.0 = Debug|Any CPU
		{8F69EF7D-0E6D-F220-8C2D-9758C579FCF5}.Release|Any CPU.ActiveCfg = Release|Any CPU
		{8F69EF7D-0E6D-F220-8C2D-9758C579FCF5}.Release|Any CPU.Build.0 = Release|Any CPU
		{95861A46-C50B-7D96-284B-A48FA5E91493}.Debug|Any CPU.ActiveCfg = Debug|Any CPU
		{95861A46-C50B-7D96-284B-A48FA5E91493}.Debug|Any CPU.Build.0 = Debug|Any CPU
		{95861A46-C50B-7D96-284B-A48FA5E91493}.Release|Any CPU.ActiveCfg = Release|Any CPU
		{95861A46-C50B-7D96-284B-A48FA5E91493}.Release|Any CPU.Build.0 = Release|Any CPU
		{A5C9A001-32D9-958D-64D3-79F9393F8E7B}.Debug|Any CPU.ActiveCfg = Debug|Any CPU
		{A5C9A001-32D9-958D-64D3-79F9393F8E7B}.Debug|Any CPU.Build.0 = Debug|Any CPU
		{A5C9A001-32D9-958D-64D3-79F9393F8E7B}.Release|Any CPU.ActiveCfg = Release|Any CPU
		{A5C9A001-32D9-958D-64D3-79F9393F8E7B}.Release|Any CPU.Build.0 = Release|Any CPU
		{31B67626-936E-B561-FA70-BDB691AA0631}.Debug|Any CPU.ActiveCfg = Debug|Any CPU
		{31B67626-936E-B561-FA70-BDB691AA0631}.Debug|Any CPU.Build.0 = Debug|Any CPU
		{31B67626-936E-B561-FA70-BDB691AA0631}.Release|Any CPU.ActiveCfg = Release|Any CPU
		{31B67626-936E-B561-FA70-BDB691AA0631}.Release|Any CPU.Build.0 = Release|Any CPU
		{B317F4F1-CBD2-2E59-180A-89A91220C1DD}.Debug|Any CPU.ActiveCfg = Debug|Any CPU
		{B317F4F1-CBD2-2E59-180A-89A91220C1DD}.Debug|Any CPU.Build.0 = Debug|Any CPU
		{B317F4F1-CBD2-2E59-180A-89A91220C1DD}.Release|Any CPU.ActiveCfg = Release|Any CPU
		{B317F4F1-CBD2-2E59-180A-89A91220C1DD}.Release|Any CPU.Build.0 = Release|Any CPU
		{174D1660-4121-331F-630B-1D1DB0AF04B8}.Debug|Any CPU.ActiveCfg = Debug|Any CPU
		{174D1660-4121-331F-630B-1D1DB0AF04B8}.Debug|Any CPU.Build.0 = Debug|Any CPU
		{174D1660-4121-331F-630B-1D1DB0AF04B8}.Release|Any CPU.ActiveCfg = Release|Any CPU
		{174D1660-4121-331F-630B-1D1DB0AF04B8}.Release|Any CPU.Build.0 = Release|Any CPU
		{0293E892-606C-5D4D-907B-63C6F2DB9FFB}.Debug|Any CPU.ActiveCfg = Debug|Any CPU
		{0293E892-606C-5D4D-907B-63C6F2DB9FFB}.Debug|Any CPU.Build.0 = Debug|Any CPU
		{0293E892-606C-5D4D-907B-63C6F2DB9FFB}.Release|Any CPU.ActiveCfg = Release|Any CPU
		{0293E892-606C-5D4D-907B-63C6F2DB9FFB}.Release|Any CPU.Build.0 = Release|Any CPU
		{24941B97-87EC-6187-F20D-D768EB266B58}.Debug|Any CPU.ActiveCfg = Debug|Any CPU
		{24941B97-87EC-6187-F20D-D768EB266B58}.Debug|Any CPU.Build.0 = Debug|Any CPU
		{24941B97-87EC-6187-F20D-D768EB266B58}.Release|Any CPU.ActiveCfg = Release|Any CPU
		{24941B97-87EC-6187-F20D-D768EB266B58}.Release|Any CPU.Build.0 = Release|Any CPU
		{CB2F352A-F85B-A18B-25EE-17051D4A76F5}.Debug|Any CPU.ActiveCfg = Debug|Any CPU
		{CB2F352A-F85B-A18B-25EE-17051D4A76F5}.Debug|Any CPU.Build.0 = Debug|Any CPU
		{CB2F352A-F85B-A18B-25EE-17051D4A76F5}.Release|Any CPU.ActiveCfg = Release|Any CPU
		{CB2F352A-F85B-A18B-25EE-17051D4A76F5}.Release|Any CPU.Build.0 = Release|Any CPU
		{9E13EEDE-A5CF-2B3F-F626-DE729810DCDC}.Debug|Any CPU.ActiveCfg = Debug|Any CPU
		{9E13EEDE-A5CF-2B3F-F626-DE729810DCDC}.Debug|Any CPU.Build.0 = Debug|Any CPU
		{9E13EEDE-A5CF-2B3F-F626-DE729810DCDC}.Release|Any CPU.ActiveCfg = Release|Any CPU
		{9E13EEDE-A5CF-2B3F-F626-DE729810DCDC}.Release|Any CPU.Build.0 = Release|Any CPU
		{4EAD6F12-E399-C554-4B3C-85E5942B9214}.Debug|Any CPU.ActiveCfg = Debug|Any CPU
		{4EAD6F12-E399-C554-4B3C-85E5942B9214}.Debug|Any CPU.Build.0 = Debug|Any CPU
		{4EAD6F12-E399-C554-4B3C-85E5942B9214}.Release|Any CPU.ActiveCfg = Release|Any CPU
		{4EAD6F12-E399-C554-4B3C-85E5942B9214}.Release|Any CPU.Build.0 = Release|Any CPU
		{51E8F4D9-CE00-C5E6-5810-6C14D47D0952}.Debug|Any CPU.ActiveCfg = Debug|Any CPU
		{51E8F4D9-CE00-C5E6-5810-6C14D47D0952}.Debug|Any CPU.Build.0 = Debug|Any CPU
		{51E8F4D9-CE00-C5E6-5810-6C14D47D0952}.Release|Any CPU.ActiveCfg = Release|Any CPU
		{51E8F4D9-CE00-C5E6-5810-6C14D47D0952}.Release|Any CPU.Build.0 = Release|Any CPU
		{E21B1D28-D662-41BD-E929-E6B767CE8D3C}.Debug|Any CPU.ActiveCfg = Debug|Any CPU
		{E21B1D28-D662-41BD-E929-E6B767CE8D3C}.Debug|Any CPU.Build.0 = Debug|Any CPU
		{E21B1D28-D662-41BD-E929-E6B767CE8D3C}.Release|Any CPU.ActiveCfg = Release|Any CPU
		{E21B1D28-D662-41BD-E929-E6B767CE8D3C}.Release|Any CPU.Build.0 = Release|Any CPU
		{7BE630D3-041E-2D53-3C14-DB9330384130}.Debug|Any CPU.ActiveCfg = Debug|Any CPU
		{7BE630D3-041E-2D53-3C14-DB9330384130}.Debug|Any CPU.Build.0 = Debug|Any CPU
		{7BE630D3-041E-2D53-3C14-DB9330384130}.Release|Any CPU.ActiveCfg = Release|Any CPU
		{7BE630D3-041E-2D53-3C14-DB9330384130}.Release|Any CPU.Build.0 = Release|Any CPU
		{3EE491C8-E33B-1BDD-7B57-B0DA3AC3B3B2}.Debug|Any CPU.ActiveCfg = Debug|Any CPU
		{3EE491C8-E33B-1BDD-7B57-B0DA3AC3B3B2}.Debug|Any CPU.Build.0 = Debug|Any CPU
		{3EE491C8-E33B-1BDD-7B57-B0DA3AC3B3B2}.Release|Any CPU.ActiveCfg = Release|Any CPU
		{3EE491C8-E33B-1BDD-7B57-B0DA3AC3B3B2}.Release|Any CPU.Build.0 = Release|Any CPU
		{0FE65819-E6C1-1BC1-D799-AA58524A465D}.Debug|Any CPU.ActiveCfg = Debug|Any CPU
		{0FE65819-E6C1-1BC1-D799-AA58524A465D}.Debug|Any CPU.Build.0 = Debug|Any CPU
		{0FE65819-E6C1-1BC1-D799-AA58524A465D}.Release|Any CPU.ActiveCfg = Release|Any CPU
		{0FE65819-E6C1-1BC1-D799-AA58524A465D}.Release|Any CPU.Build.0 = Release|Any CPU
		{A13A0C3D-BEAF-3624-2B06-B6D0C624C70F}.Debug|Any CPU.ActiveCfg = Debug|Any CPU
		{A13A0C3D-BEAF-3624-2B06-B6D0C624C70F}.Debug|Any CPU.Build.0 = Debug|Any CPU
		{A13A0C3D-BEAF-3624-2B06-B6D0C624C70F}.Release|Any CPU.ActiveCfg = Release|Any CPU
		{A13A0C3D-BEAF-3624-2B06-B6D0C624C70F}.Release|Any CPU.Build.0 = Release|Any CPU
		{69D4084D-A46A-FB47-2D08-5D4103C6ABDC}.Debug|Any CPU.ActiveCfg = Debug|Any CPU
		{69D4084D-A46A-FB47-2D08-5D4103C6ABDC}.Debug|Any CPU.Build.0 = Debug|Any CPU
		{69D4084D-A46A-FB47-2D08-5D4103C6ABDC}.Release|Any CPU.ActiveCfg = Release|Any CPU
		{69D4084D-A46A-FB47-2D08-5D4103C6ABDC}.Release|Any CPU.Build.0 = Release|Any CPU
		{36582DEC-891D-9829-5C72-90E1544DFC9F}.Debug|Any CPU.ActiveCfg = Debug|Any CPU
		{36582DEC-891D-9829-5C72-90E1544DFC9F}.Debug|Any CPU.Build.0 = Debug|Any CPU
		{36582DEC-891D-9829-5C72-90E1544DFC9F}.Release|Any CPU.ActiveCfg = Release|Any CPU
		{36582DEC-891D-9829-5C72-90E1544DFC9F}.Release|Any CPU.Build.0 = Release|Any CPU
		{E68EC850-4D52-9F03-61FE-AC2C9F93064F}.Debug|Any CPU.ActiveCfg = Debug|Any CPU
		{E68EC850-4D52-9F03-61FE-AC2C9F93064F}.Debug|Any CPU.Build.0 = Debug|Any CPU
		{E68EC850-4D52-9F03-61FE-AC2C9F93064F}.Release|Any CPU.ActiveCfg = Release|Any CPU
		{E68EC850-4D52-9F03-61FE-AC2C9F93064F}.Release|Any CPU.Build.0 = Release|Any CPU
		{E2DA8BD4-BD65-B0E4-6B38-2325B8D0344E}.Debug|Any CPU.ActiveCfg = Debug|Any CPU
		{E2DA8BD4-BD65-B0E4-6B38-2325B8D0344E}.Debug|Any CPU.Build.0 = Debug|Any CPU
		{E2DA8BD4-BD65-B0E4-6B38-2325B8D0344E}.Release|Any CPU.ActiveCfg = Release|Any CPU
		{E2DA8BD4-BD65-B0E4-6B38-2325B8D0344E}.Release|Any CPU.Build.0 = Release|Any CPU
		{144E081F-0572-4790-E18B-2163B2C9276D}.Debug|Any CPU.ActiveCfg = Debug|Any CPU
		{144E081F-0572-4790-E18B-2163B2C9276D}.Debug|Any CPU.Build.0 = Debug|Any CPU
		{144E081F-0572-4790-E18B-2163B2C9276D}.Release|Any CPU.ActiveCfg = Release|Any CPU
		{144E081F-0572-4790-E18B-2163B2C9276D}.Release|Any CPU.Build.0 = Release|Any CPU
		{62A3A0FE-94F5-6ED1-93C3-CFB47EB5A3A0}.Debug|Any CPU.ActiveCfg = Debug|Any CPU
		{62A3A0FE-94F5-6ED1-93C3-CFB47EB5A3A0}.Debug|Any CPU.Build.0 = Debug|Any CPU
		{62A3A0FE-94F5-6ED1-93C3-CFB47EB5A3A0}.Release|Any CPU.ActiveCfg = Release|Any CPU
		{62A3A0FE-94F5-6ED1-93C3-CFB47EB5A3A0}.Release|Any CPU.Build.0 = Release|Any CPU
		{C9684961-EB7A-EB93-A68C-ECEFADFD1F5C}.Debug|Any CPU.ActiveCfg = Debug|Any CPU
		{C9684961-EB7A-EB93-A68C-ECEFADFD1F5C}.Debug|Any CPU.Build.0 = Debug|Any CPU
		{C9684961-EB7A-EB93-A68C-ECEFADFD1F5C}.Release|Any CPU.ActiveCfg = Release|Any CPU
		{C9684961-EB7A-EB93-A68C-ECEFADFD1F5C}.Release|Any CPU.Build.0 = Release|Any CPU
		{C1A94F09-18F9-7765-91EC-25550FC5D2E5}.Debug|Any CPU.ActiveCfg = Debug|Any CPU
		{C1A94F09-18F9-7765-91EC-25550FC5D2E5}.Debug|Any CPU.Build.0 = Debug|Any CPU
		{C1A94F09-18F9-7765-91EC-25550FC5D2E5}.Release|Any CPU.ActiveCfg = Release|Any CPU
		{C1A94F09-18F9-7765-91EC-25550FC5D2E5}.Release|Any CPU.Build.0 = Release|Any CPU
		{33B898A6-E6C5-5F0E-1481-7A4B31675B22}.Debug|Any CPU.ActiveCfg = Debug|Any CPU
		{33B898A6-E6C5-5F0E-1481-7A4B31675B22}.Debug|Any CPU.Build.0 = Debug|Any CPU
		{33B898A6-E6C5-5F0E-1481-7A4B31675B22}.Release|Any CPU.ActiveCfg = Release|Any CPU
		{33B898A6-E6C5-5F0E-1481-7A4B31675B22}.Release|Any CPU.Build.0 = Release|Any CPU
		{73432D2D-7835-6AFC-3147-0C9D12106C3B}.Debug|Any CPU.ActiveCfg = Debug|Any CPU
		{73432D2D-7835-6AFC-3147-0C9D12106C3B}.Debug|Any CPU.Build.0 = Debug|Any CPU
		{73432D2D-7835-6AFC-3147-0C9D12106C3B}.Release|Any CPU.ActiveCfg = Release|Any CPU
		{73432D2D-7835-6AFC-3147-0C9D12106C3B}.Release|Any CPU.Build.0 = Release|Any CPU
		{A0FB1E14-49A9-F576-2024-56E36B023F9E}.Debug|Any CPU.ActiveCfg = Debug|Any CPU
		{A0FB1E14-49A9-F576-2024-56E36B023F9E}.Debug|Any CPU.Build.0 = Debug|Any CPU
		{A0FB1E14-49A9-F576-2024-56E36B023F9E}.Release|Any CPU.ActiveCfg = Release|Any CPU
		{A0FB1E14-49A9-F576-2024-56E36B023F9E}.Release|Any CPU.Build.0 = Release|Any CPU
		{06AEA436-8D7F-BE73-9F30-4A9AD7412721}.Debug|Any CPU.ActiveCfg = Debug|Any CPU
		{06AEA436-8D7F-BE73-9F30-4A9AD7412721}.Debug|Any CPU.Build.0 = Debug|Any CPU
		{06AEA436-8D7F-BE73-9F30-4A9AD7412721}.Release|Any CPU.ActiveCfg = Release|Any CPU
		{06AEA436-8D7F-BE73-9F30-4A9AD7412721}.Release|Any CPU.Build.0 = Release|Any CPU
		{6832F5E6-CC5B-337E-C9F2-BD0000A6E8ED}.Debug|Any CPU.ActiveCfg = Debug|Any CPU
		{6832F5E6-CC5B-337E-C9F2-BD0000A6E8ED}.Debug|Any CPU.Build.0 = Debug|Any CPU
		{6832F5E6-CC5B-337E-C9F2-BD0000A6E8ED}.Release|Any CPU.ActiveCfg = Release|Any CPU
		{6832F5E6-CC5B-337E-C9F2-BD0000A6E8ED}.Release|Any CPU.Build.0 = Release|Any CPU
		{659312F6-2D12-12FD-E9A1-A7233C3E16A0}.Debug|Any CPU.ActiveCfg = Debug|Any CPU
		{659312F6-2D12-12FD-E9A1-A7233C3E16A0}.Debug|Any CPU.Build.0 = Debug|Any CPU
		{659312F6-2D12-12FD-E9A1-A7233C3E16A0}.Release|Any CPU.ActiveCfg = Release|Any CPU
		{659312F6-2D12-12FD-E9A1-A7233C3E16A0}.Release|Any CPU.Build.0 = Release|Any CPU
		{7AF10916-39F4-9914-7A6E-A6EDF0D3EFBB}.Debug|Any CPU.ActiveCfg = Debug|Any CPU
		{7AF10916-39F4-9914-7A6E-A6EDF0D3EFBB}.Debug|Any CPU.Build.0 = Debug|Any CPU
		{7AF10916-39F4-9914-7A6E-A6EDF0D3EFBB}.Release|Any CPU.ActiveCfg = Release|Any CPU
		{7AF10916-39F4-9914-7A6E-A6EDF0D3EFBB}.Release|Any CPU.Build.0 = Release|Any CPU
		{CCD03AE1-8D20-88B7-4F3F-8CAD900B0E5E}.Debug|Any CPU.ActiveCfg = Debug|Any CPU
		{CCD03AE1-8D20-88B7-4F3F-8CAD900B0E5E}.Debug|Any CPU.Build.0 = Debug|Any CPU
		{CCD03AE1-8D20-88B7-4F3F-8CAD900B0E5E}.Release|Any CPU.ActiveCfg = Release|Any CPU
		{CCD03AE1-8D20-88B7-4F3F-8CAD900B0E5E}.Release|Any CPU.Build.0 = Release|Any CPU
		{1D862EF7-8F8B-AEDA-9796-9DD9734B8AD0}.Debug|Any CPU.ActiveCfg = Debug|Any CPU
		{1D862EF7-8F8B-AEDA-9796-9DD9734B8AD0}.Debug|Any CPU.Build.0 = Debug|Any CPU
		{1D862EF7-8F8B-AEDA-9796-9DD9734B8AD0}.Release|Any CPU.ActiveCfg = Release|Any CPU
		{1D862EF7-8F8B-AEDA-9796-9DD9734B8AD0}.Release|Any CPU.Build.0 = Release|Any CPU
		{7D351B94-0128-3970-45C2-B6B15D2051A7}.Debug|Any CPU.ActiveCfg = Debug|Any CPU
		{7D351B94-0128-3970-45C2-B6B15D2051A7}.Debug|Any CPU.Build.0 = Debug|Any CPU
		{7D351B94-0128-3970-45C2-B6B15D2051A7}.Release|Any CPU.ActiveCfg = Release|Any CPU
		{7D351B94-0128-3970-45C2-B6B15D2051A7}.Release|Any CPU.Build.0 = Release|Any CPU
		{8BD35126-B1FC-C837-5FF8-87B6A5A79CC6}.Debug|Any CPU.ActiveCfg = Debug|Any CPU
		{8BD35126-B1FC-C837-5FF8-87B6A5A79CC6}.Debug|Any CPU.Build.0 = Debug|Any CPU
		{8BD35126-B1FC-C837-5FF8-87B6A5A79CC6}.Release|Any CPU.ActiveCfg = Release|Any CPU
		{8BD35126-B1FC-C837-5FF8-87B6A5A79CC6}.Release|Any CPU.Build.0 = Release|Any CPU
		{DEA0AC4A-C528-A9D1-0D77-CA165C2EDA93}.Debug|Any CPU.ActiveCfg = Debug|Any CPU
		{DEA0AC4A-C528-A9D1-0D77-CA165C2EDA93}.Debug|Any CPU.Build.0 = Debug|Any CPU
		{DEA0AC4A-C528-A9D1-0D77-CA165C2EDA93}.Release|Any CPU.ActiveCfg = Release|Any CPU
		{DEA0AC4A-C528-A9D1-0D77-CA165C2EDA93}.Release|Any CPU.Build.0 = Release|Any CPU
	EndGlobalSection
	GlobalSection(SolutionProperties) = preSolution
		HideSolutionNode = FALSE
	EndGlobalSection
EndGlobal
